
Microsoft Visual Studio Solution File, Format Version 12.00
# Visual Studio 15
VisualStudioVersion = 15.0.28307.779
MinimumVisualStudioVersion = 10.0.40219.1
Project("{F184B08F-C81C-45F6-A57F-5ABD9991F28F}") = "讀取Word並從找到的字串擷取該段文字-ConsoleApp", "讀取Word並從找到的字串擷取該段文字-ConsoleApp\讀取Word並從找到的字串擷取該段文字-ConsoleApp.vbproj", "{D2284D8B-635F-4E72-AA21-4C8D37B46BDB}"
EndProject
Global
	GlobalSection(SolutionConfigurationPlatforms) = preSolution
		Debug|Any CPU = Debug|Any CPU
		Release|Any CPU = Release|Any CPU
	EndGlobalSection
	GlobalSection(ProjectConfigurationPlatforms) = postSolution
		{D2284D8B-635F-4E72-AA21-4C8D37B46BDB}.Debug|Any CPU.ActiveCfg = Debug|Any CPU
		{D2284D8B-635F-4E72-AA21-4C8D37B46BDB}.Debug|Any CPU.Build.0 = Debug|Any CPU
		{D2284D8B-635F-4E72-AA21-4C8D37B46BDB}.Release|Any CPU.ActiveCfg = Release|Any CPU
		{D2284D8B-635F-4E72-AA21-4C8D37B46BDB}.Release|Any CPU.Build.0 = Release|Any CPU
	EndGlobalSection
	GlobalSection(SolutionProperties) = preSolution
		HideSolutionNode = FALSE
	EndGlobalSection
	GlobalSection(ExtensibilityGlobals) = postSolution
		SolutionGuid = {5BD8E6FA-D10C-46F6-86ED-B5709C5702FB}
	EndGlobalSection
EndGlobal
